
Microsoft Visual Studio Solution File, Format Version 12.00
# Visual Studio Version 17
VisualStudioVersion = 17.4.33213.308
MinimumVisualStudioVersion = 10.0.40219.1
Project("{FAE04EC0-301F-11D3-BF4B-00C04F79EFBC}") = "WeatherTest", "WeatherTest\WeatherTest.csproj", "{BA112569-A25F-4818-868E-79810B42B52B}"
EndProject
Global
	GlobalSection(SolutionConfigurationPlatforms) = preSolution
		Debug|Any CPU = Debug|Any CPU
		Release|Any CPU = Release|Any CPU
	EndGlobalSection
	GlobalSection(ProjectConfigurationPlatforms) = postSolution
		{BA112569-A25F-4818-868E-79810B42B52B}.Debug|Any CPU.ActiveCfg = Debug|Any CPU
		{BA112569-A25F-4818-868E-79810B42B52B}.Debug|Any CPU.Build.0 = Debug|Any CPU
		{BA112569-A25F-4818-868E-79810B42B52B}.Release|Any CPU.ActiveCfg = Release|Any CPU
		{BA112569-A25F-4818-868E-79810B42B52B}.Release|Any CPU.Build.0 = Release|Any CPU
	EndGlobalSection
	GlobalSection(SolutionProperties) = preSolution
		HideSolutionNode = FALSE
	EndGlobalSection
	GlobalSection(ExtensibilityGlobals) = postSolution
		SolutionGuid = {6EE5CE9B-432C-4326-8DCA-E5F01C335EBA}
	EndGlobalSection
EndGlobal
